// !$*UTF8*$!
{
	archiveVersion = 1;
	classes = {
	};
	objectVersion = 50;
	objects = {

/* Begin PBXBuildFile section */
		556EB73ABF133373BFE860BC /* Pods_TumblrFeed.framework in Frameworks */ = {isa = PBXBuildFile; fileRef = 61B0AC665AF7EB7940CFC84A /* Pods_TumblrFeed.framework */; };
		64B482142140EC700031E76D /* AppDelegate.swift in Sources */ = {isa = PBXBuildFile; fileRef = 64B482132140EC700031E76D /* AppDelegate.swift */; };
		64B482192140EC700031E76D /* Main.storyboard in Resources */ = {isa = PBXBuildFile; fileRef = 64B482172140EC700031E76D /* Main.storyboard */; };
		64B4821B2140EC710031E76D /* Assets.xcassets in Resources */ = {isa = PBXBuildFile; fileRef = 64B4821A2140EC710031E76D /* Assets.xcassets */; };
		64B4821E2140EC710031E76D /* LaunchScreen.storyboard in Resources */ = {isa = PBXBuildFile; fileRef = 64B4821C2140EC710031E76D /* LaunchScreen.storyboard */; };
		64B482292140EC710031E76D /* TumblrFeedTests.swift in Sources */ = {isa = PBXBuildFile; fileRef = 64B482282140EC710031E76D /* TumblrFeedTests.swift */; };
		64B482342140EC710031E76D /* TumblrFeedUITests.swift in Sources */ = {isa = PBXBuildFile; fileRef = 64B482332140EC710031E76D /* TumblrFeedUITests.swift */; };
		64B482422140ED9C0031E76D /* PhotosViewController.swift in Sources */ = {isa = PBXBuildFile; fileRef = 64B482412140ED9C0031E76D /* PhotosViewController.swift */; };
		64B482442140F3150031E76D /* PostCell.swift in Sources */ = {isa = PBXBuildFile; fileRef = 64B482432140F3150031E76D /* PostCell.swift */; };
		64D595CF2144C90C000800AE /* PhotoDetailViewController.swift in Sources */ = {isa = PBXBuildFile; fileRef = 64D595CE2144C90C000800AE /* PhotoDetailViewController.swift */; };
		7A3C972EB01BECAD11983C66 /* Pods_TumblrFeedTests.framework in Frameworks */ = {isa = PBXBuildFile; fileRef = 65569F3594E174B6783AF4AB /* Pods_TumblrFeedTests.framework */; };
		FA6DFF55BCF8876DE7E14EE2 /* Pods_TumblrFeedUITests.framework in Frameworks */ = {isa = PBXBuildFile; fileRef = ABBB99B7B77D5B1F61C013DA /* Pods_TumblrFeedUITests.framework */; };
/* End PBXBuildFile section */

/* Begin PBXContainerItemProxy section */
		64B482252140EC710031E76D /* PBXContainerItemProxy */ = {
			isa = PBXContainerItemProxy;
			containerPortal = 64B482082140EC700031E76D /* Project object */;
			proxyType = 1;
			remoteGlobalIDString = 64B4820F2140EC700031E76D;
			remoteInfo = TumblrFeed;
		};
		64B482302140EC710031E76D /* PBXContainerItemProxy */ = {
			isa = PBXContainerItemProxy;
			containerPortal = 64B482082140EC700031E76D /* Project object */;
			proxyType = 1;
			remoteGlobalIDString = 64B4820F2140EC700031E76D;
			remoteInfo = TumblrFeed;
		};
/* End PBXContainerItemProxy section */

/* Begin PBXFileReference section */
		05893895E21F3E799AB31B8D /* Pods-TumblrFeed.release.xcconfig */ = {isa = PBXFileReference; includeInIndex = 1; lastKnownFileType = text.xcconfig; name = "Pods-TumblrFeed.release.xcconfig"; path = "Target Support Files/Pods-TumblrFeed/Pods-TumblrFeed.release.xcconfig"; sourceTree = "<group>"; };
		4D1ECE8DF32CD65D77617EB6 /* Pods-TumblrFeedTests.debug.xcconfig */ = {isa = PBXFileReference; includeInIndex = 1; lastKnownFileType = text.xcconfig; name = "Pods-TumblrFeedTests.debug.xcconfig"; path = "Target Support Files/Pods-TumblrFeedTests/Pods-TumblrFeedTests.debug.xcconfig"; sourceTree = "<group>"; };
		61B0AC665AF7EB7940CFC84A /* Pods_TumblrFeed.framework */ = {isa = PBXFileReference; explicitFileType = wrapper.framework; includeInIndex = 0; path = Pods_TumblrFeed.framework; sourceTree = BUILT_PRODUCTS_DIR; };
		64B482102140EC700031E76D /* TumblrFeed.app */ = {isa = PBXFileReference; explicitFileType = wrapper.application; includeInIndex = 0; path = TumblrFeed.app; sourceTree = BUILT_PRODUCTS_DIR; };
		64B482132140EC700031E76D /* AppDelegate.swift */ = {isa = PBXFileReference; lastKnownFileType = sourcecode.swift; path = AppDelegate.swift; sourceTree = "<group>"; };
		64B482182140EC700031E76D /* Base */ = {isa = PBXFileReference; lastKnownFileType = file.storyboard; name = Base; path = Base.lproj/Main.storyboard; sourceTree = "<group>"; };
		64B4821A2140EC710031E76D /* Assets.xcassets */ = {isa = PBXFileReference; lastKnownFileType = folder.assetcatalog; path = Assets.xcassets; sourceTree = "<group>"; };
		64B4821D2140EC710031E76D /* Base */ = {isa = PBXFileReference; lastKnownFileType = file.storyboard; name = Base; path = Base.lproj/LaunchScreen.storyboard; sourceTree = "<group>"; };
		64B4821F2140EC710031E76D /* Info.plist */ = {isa = PBXFileReference; lastKnownFileType = text.plist.xml; path = Info.plist; sourceTree = "<group>"; };
		64B482242140EC710031E76D /* TumblrFeedTests.xctest */ = {isa = PBXFileReference; explicitFileType = wrapper.cfbundle; includeInIndex = 0; path = TumblrFeedTests.xctest; sourceTree = BUILT_PRODUCTS_DIR; };
		64B482282140EC710031E76D /* TumblrFeedTests.swift */ = {isa = PBXFileReference; lastKnownFileType = sourcecode.swift; path = TumblrFeedTests.swift; sourceTree = "<group>"; };
		64B4822A2140EC710031E76D /* Info.plist */ = {isa = PBXFileReference; lastKnownFileType = text.plist.xml; path = Info.plist; sourceTree = "<group>"; };
		64B4822F2140EC710031E76D /* TumblrFeedUITests.xctest */ = {isa = PBXFileReference; explicitFileType = wrapper.cfbundle; includeInIndex = 0; path = TumblrFeedUITests.xctest; sourceTree = BUILT_PRODUCTS_DIR; };
		64B482332140EC710031E76D /* TumblrFeedUITests.swift */ = {isa = PBXFileReference; lastKnownFileType = sourcecode.swift; path = TumblrFeedUITests.swift; sourceTree = "<group>"; };
		64B482352140EC710031E76D /* Info.plist */ = {isa = PBXFileReference; lastKnownFileType = text.plist.xml; path = Info.plist; sourceTree = "<group>"; };
		64B482412140ED9C0031E76D /* PhotosViewController.swift */ = {isa = PBXFileReference; lastKnownFileType = sourcecode.swift; path = PhotosViewController.swift; sourceTree = "<group>"; };
		64B482432140F3150031E76D /* PostCell.swift */ = {isa = PBXFileReference; lastKnownFileType = sourcecode.swift; path = PostCell.swift; sourceTree = "<group>"; };
		64D595CE2144C90C000800AE /* PhotoDetailViewController.swift */ = {isa = PBXFileReference; lastKnownFileType = sourcecode.swift; path = PhotoDetailViewController.swift; sourceTree = "<group>"; };
		65569F3594E174B6783AF4AB /* Pods_TumblrFeedTests.framework */ = {isa = PBXFileReference; explicitFileType = wrapper.framework; includeInIndex = 0; path = Pods_TumblrFeedTests.framework; sourceTree = BUILT_PRODUCTS_DIR; };
		882D8058302E4B54D416F8DC /* Pods-TumblrFeedUITests.debug.xcconfig */ = {isa = PBXFileReference; includeInIndex = 1; lastKnownFileType = text.xcconfig; name = "Pods-TumblrFeedUITests.debug.xcconfig"; path = "Target Support Files/Pods-TumblrFeedUITests/Pods-TumblrFeedUITests.debug.xcconfig"; sourceTree = "<group>"; };
		ABBB99B7B77D5B1F61C013DA /* Pods_TumblrFeedUITests.framework */ = {isa = PBXFileReference; explicitFileType = wrapper.framework; includeInIndex = 0; path = Pods_TumblrFeedUITests.framework; sourceTree = BUILT_PRODUCTS_DIR; };
		C640FCB35C61614BC309B499 /* Pods-TumblrFeedUITests.release.xcconfig */ = {isa = PBXFileReference; includeInIndex = 1; lastKnownFileType = text.xcconfig; name = "Pods-TumblrFeedUITests.release.xcconfig"; path = "Target Support Files/Pods-TumblrFeedUITests/Pods-TumblrFeedUITests.release.xcconfig"; sourceTree = "<group>"; };
		D22D5959812FCE9BFEB8C036 /* Pods-TumblrFeedTests.release.xcconfig */ = {isa = PBXFileReference; includeInIndex = 1; lastKnownFileType = text.xcconfig; name = "Pods-TumblrFeedTests.release.xcconfig"; path = "Target Support Files/Pods-TumblrFeedTests/Pods-TumblrFeedTests.release.xcconfig"; sourceTree = "<group>"; };
		FE911889102CFEBEDD48E7A2 /* Pods-TumblrFeed.debug.xcconfig */ = {isa = PBXFileReference; includeInIndex = 1; lastKnownFileType = text.xcconfig; name = "Pods-TumblrFeed.debug.xcconfig"; path = "Target Support Files/Pods-TumblrFeed/Pods-TumblrFeed.debug.xcconfig"; sourceTree = "<group>"; };
/* End PBXFileReference section */

/* Begin PBXFrameworksBuildPhase section */
		64B4820D2140EC700031E76D /* Frameworks */ = {
			isa = PBXFrameworksBuildPhase;
			buildActionMask = 2147483647;
			files = (
				556EB73ABF133373BFE860BC /* Pods_TumblrFeed.framework in Frameworks */,
			);
			runOnlyForDeploymentPostprocessing = 0;
		};
		64B482212140EC710031E76D /* Frameworks */ = {
			isa = PBXFrameworksBuildPhase;
			buildActionMask = 2147483647;
			files = (
				7A3C972EB01BECAD11983C66 /* Pods_TumblrFeedTests.framework in Frameworks */,
			);
			runOnlyForDeploymentPostprocessing = 0;
		};
		64B4822C2140EC710031E76D /* Frameworks */ = {
			isa = PBXFrameworksBuildPhase;
			buildActionMask = 2147483647;
			files = (
				FA6DFF55BCF8876DE7E14EE2 /* Pods_TumblrFeedUITests.framework in Frameworks */,
			);
			runOnlyForDeploymentPostprocessing = 0;
		};
/* End PBXFrameworksBuildPhase section */

/* Begin PBXGroup section */
		40CA84F93BB94450AFBF5C8D /* Frameworks */ = {
			isa = PBXGroup;
			children = (
				61B0AC665AF7EB7940CFC84A /* Pods_TumblrFeed.framework */,
				65569F3594E174B6783AF4AB /* Pods_TumblrFeedTests.framework */,
				ABBB99B7B77D5B1F61C013DA /* Pods_TumblrFeedUITests.framework */,
			);
			name = Frameworks;
			sourceTree = "<group>";
		};
		5F4CED425B17A04004FEB479 /* Pods */ = {
			isa = PBXGroup;
			children = (
				FE911889102CFEBEDD48E7A2 /* Pods-TumblrFeed.debug.xcconfig */,
				05893895E21F3E799AB31B8D /* Pods-TumblrFeed.release.xcconfig */,
				4D1ECE8DF32CD65D77617EB6 /* Pods-TumblrFeedTests.debug.xcconfig */,
				D22D5959812FCE9BFEB8C036 /* Pods-TumblrFeedTests.release.xcconfig */,
				882D8058302E4B54D416F8DC /* Pods-TumblrFeedUITests.debug.xcconfig */,
				C640FCB35C61614BC309B499 /* Pods-TumblrFeedUITests.release.xcconfig */,
			);
			path = Pods;
			sourceTree = "<group>";
		};
		64B482072140EC700031E76D = {
			isa = PBXGroup;
			children = (
				64B482122140EC700031E76D /* TumblrFeed */,
				64B482272140EC710031E76D /* TumblrFeedTests */,
				64B482322140EC710031E76D /* TumblrFeedUITests */,
				64B482112140EC700031E76D /* Products */,
				5F4CED425B17A04004FEB479 /* Pods */,
				40CA84F93BB94450AFBF5C8D /* Frameworks */,
			);
			sourceTree = "<group>";
		};
		64B482112140EC700031E76D /* Products */ = {
			isa = PBXGroup;
			children = (
				64B482102140EC700031E76D /* TumblrFeed.app */,
				64B482242140EC710031E76D /* TumblrFeedTests.xctest */,
				64B4822F2140EC710031E76D /* TumblrFeedUITests.xctest */,
			);
			name = Products;
			sourceTree = "<group>";
		};
		64B482122140EC700031E76D /* TumblrFeed */ = {
			isa = PBXGroup;
			children = (
				64B482132140EC700031E76D /* AppDelegate.swift */,
				64B482412140ED9C0031E76D /* PhotosViewController.swift */,
				64D595CE2144C90C000800AE /* PhotoDetailViewController.swift */,
				64B482172140EC700031E76D /* Main.storyboard */,
				64B4821A2140EC710031E76D /* Assets.xcassets */,
				64B4821C2140EC710031E76D /* LaunchScreen.storyboard */,
				64B4821F2140EC710031E76D /* Info.plist */,
				64B482432140F3150031E76D /* PostCell.swift */,
			);
			path = TumblrFeed;
			sourceTree = "<group>";
		};
		64B482272140EC710031E76D /* TumblrFeedTests */ = {
			isa = PBXGroup;
			children = (
				64B482282140EC710031E76D /* TumblrFeedTests.swift */,
				64B4822A2140EC710031E76D /* Info.plist */,
			);
			path = TumblrFeedTests;
			sourceTree = "<group>";
		};
		64B482322140EC710031E76D /* TumblrFeedUITests */ = {
			isa = PBXGroup;
			children = (
				64B482332140EC710031E76D /* TumblrFeedUITests.swift */,
				64B482352140EC710031E76D /* Info.plist */,
			);
			path = TumblrFeedUITests;
			sourceTree = "<group>";
		};
/* End PBXGroup section */

/* Begin PBXNativeTarget section */
		64B4820F2140EC700031E76D /* TumblrFeed */ = {
			isa = PBXNativeTarget;
			buildConfigurationList = 64B482382140EC710031E76D /* Build configuration list for PBXNativeTarget "TumblrFeed" */;
			buildPhases = (
				88A05693A00B17F8C2B27AB1 /* [CP] Check Pods Manifest.lock */,
				64B4820C2140EC700031E76D /* Sources */,
				64B4820D2140EC700031E76D /* Frameworks */,
				64B4820E2140EC700031E76D /* Resources */,
				A0E663844924847A0F746998 /* [CP] Embed Pods Frameworks */,
			);
			buildRules = (
			);
			dependencies = (
			);
			name = TumblrFeed;
			productName = TumblrFeed;
			productReference = 64B482102140EC700031E76D /* TumblrFeed.app */;
			productType = "com.apple.product-type.application";
		};
		64B482232140EC710031E76D /* TumblrFeedTests */ = {
			isa = PBXNativeTarget;
			buildConfigurationList = 64B4823B2140EC710031E76D /* Build configuration list for PBXNativeTarget "TumblrFeedTests" */;
			buildPhases = (
				E9ACE7EE1A36BFBFA83718D3 /* [CP] Check Pods Manifest.lock */,
				64B482202140EC710031E76D /* Sources */,
				64B482212140EC710031E76D /* Frameworks */,
				64B482222140EC710031E76D /* Resources */,
			);
			buildRules = (
			);
			dependencies = (
				64B482262140EC710031E76D /* PBXTargetDependency */,
			);
			name = TumblrFeedTests;
			productName = TumblrFeedTests;
			productReference = 64B482242140EC710031E76D /* TumblrFeedTests.xctest */;
			productType = "com.apple.product-type.bundle.unit-test";
		};
		64B4822E2140EC710031E76D /* TumblrFeedUITests */ = {
			isa = PBXNativeTarget;
			buildConfigurationList = 64B4823E2140EC710031E76D /* Build configuration list for PBXNativeTarget "TumblrFeedUITests" */;
			buildPhases = (
				988DD9ABB4407B2808D6345E /* [CP] Check Pods Manifest.lock */,
				64B4822B2140EC710031E76D /* Sources */,
				64B4822C2140EC710031E76D /* Frameworks */,
				64B4822D2140EC710031E76D /* Resources */,
			);
			buildRules = (
			);
			dependencies = (
				64B482312140EC710031E76D /* PBXTargetDependency */,
			);
			name = TumblrFeedUITests;
			productName = TumblrFeedUITests;
			productReference = 64B4822F2140EC710031E76D /* TumblrFeedUITests.xctest */;
			productType = "com.apple.product-type.bundle.ui-testing";
		};
/* End PBXNativeTarget section */

/* Begin PBXProject section */
		64B482082140EC700031E76D /* Project object */ = {
			isa = PBXProject;
			attributes = {
				LastSwiftUpdateCheck = 0930;
				LastUpgradeCheck = 0930;
				ORGANIZATIONNAME = "Ka Lee";
				TargetAttributes = {
					64B4820F2140EC700031E76D = {
						CreatedOnToolsVersion = 9.3;
					};
					64B482232140EC710031E76D = {
						CreatedOnToolsVersion = 9.3;
						TestTargetID = 64B4820F2140EC700031E76D;
					};
					64B4822E2140EC710031E76D = {
						CreatedOnToolsVersion = 9.3;
						TestTargetID = 64B4820F2140EC700031E76D;
					};
				};
			};
			buildConfigurationList = 64B4820B2140EC700031E76D /* Build configuration list for PBXProject "TumblrFeed" */;
			compatibilityVersion = "Xcode 9.3";
			developmentRegion = en;
			hasScannedForEncodings = 0;
			knownRegions = (
				en,
				Base,
			);
			mainGroup = 64B482072140EC700031E76D;
			productRefGroup = 64B482112140EC700031E76D /* Products */;
			projectDirPath = "";
			projectRoot = "";
			targets = (
				64B4820F2140EC700031E76D /* TumblrFeed */,
				64B482232140EC710031E76D /* TumblrFeedTests */,
				64B4822E2140EC710031E76D /* TumblrFeedUITests */,
			);
		};
/* End PBXProject section */

/* Begin PBXResourcesBuildPhase section */
		64B4820E2140EC700031E76D /* Resources */ = {
			isa = PBXResourcesBuildPhase;
			buildActionMask = 2147483647;
			files = (
				64B4821E2140EC710031E76D /* LaunchScreen.storyboard in Resources */,
				64B4821B2140EC710031E76D /* Assets.xcassets in Resources */,
				64B482192140EC700031E76D /* Main.storyboard in Resources */,
			);
			runOnlyForDeploymentPostprocessing = 0;
		};
		64B482222140EC710031E76D /* Resources */ = {
			isa = PBXResourcesBuildPhase;
			buildActionMask = 2147483647;
			files = (
			);
			runOnlyForDeploymentPostprocessing = 0;
		};
		64B4822D2140EC710031E76D /* Resources */ = {
			isa = PBXResourcesBuildPhase;
			buildActionMask = 2147483647;
			files = (
			);
			runOnlyForDeploymentPostprocessing = 0;
		};
/* End PBXResourcesBuildPhase section */

/* Begin PBXShellScriptBuildPhase section */
		88A05693A00B17F8C2B27AB1 /* [CP] Check Pods Manifest.lock */ = {
			isa = PBXShellScriptBuildPhase;
			buildActionMask = 2147483647;
			files = (
			);
			inputPaths = (
				"${PODS_PODFILE_DIR_PATH}/Podfile.lock",
				"${PODS_ROOT}/Manifest.lock",
			);
			name = "[CP] Check Pods Manifest.lock";
			outputPaths = (
				"$(DERIVED_FILE_DIR)/Pods-TumblrFeed-checkManifestLockResult.txt",
			);
			runOnlyForDeploymentPostprocessing = 0;
			shellPath = /bin/sh;
			shellScript = "diff \"${PODS_PODFILE_DIR_PATH}/Podfile.lock\" \"${PODS_ROOT}/Manifest.lock\" > /dev/null\nif [ $? != 0 ] ; then\n    # print error to STDERR\n    echo \"error: The sandbox is not in sync with the Podfile.lock. Run 'pod install' or update your CocoaPods installation.\" >&2\n    exit 1\nfi\n# This output is used by Xcode 'outputs' to avoid re-running this script phase.\necho \"SUCCESS\" > \"${SCRIPT_OUTPUT_FILE_0}\"\n";
			showEnvVarsInLog = 0;
		};
		988DD9ABB4407B2808D6345E /* [CP] Check Pods Manifest.lock */ = {
			isa = PBXShellScriptBuildPhase;
			buildActionMask = 2147483647;
			files = (
			);
			inputPaths = (
				"${PODS_PODFILE_DIR_PATH}/Podfile.lock",
				"${PODS_ROOT}/Manifest.lock",
			);
			name = "[CP] Check Pods Manifest.lock";
			outputPaths = (
				"$(DERIVED_FILE_DIR)/Pods-TumblrFeedUITests-checkManifestLockResult.txt",
			);
			runOnlyForDeploymentPostprocessing = 0;
			shellPath = /bin/sh;
			shellScript = "diff \"${PODS_PODFILE_DIR_PATH}/Podfile.lock\" \"${PODS_ROOT}/Manifest.lock\" > /dev/null\nif [ $? != 0 ] ; then\n    # print error to STDERR\n    echo \"error: The sandbox is not in sync with the Podfile.lock. Run 'pod install' or update your CocoaPods installation.\" >&2\n    exit 1\nfi\n# This output is used by Xcode 'outputs' to avoid re-running this script phase.\necho \"SUCCESS\" > \"${SCRIPT_OUTPUT_FILE_0}\"\n";
			showEnvVarsInLog = 0;
		};
		A0E663844924847A0F746998 /* [CP] Embed Pods Frameworks */ = {
			isa = PBXShellScriptBuildPhase;
			buildActionMask = 2147483647;
			files = (
			);
			inputPaths = (
				"${PODS_ROOT}/Target Support Files/Pods-TumblrFeed/Pods-TumblrFeed-frameworks.sh",
				"${BUILT_PRODUCTS_DIR}/Alamofire/Alamofire.framework",
				"${BUILT_PRODUCTS_DIR}/AlamofireImage/AlamofireImage.framework",
			);
			name = "[CP] Embed Pods Frameworks";
			outputPaths = (
				"${TARGET_BUILD_DIR}/${FRAMEWORKS_FOLDER_PATH}/Alamofire.framework",
				"${TARGET_BUILD_DIR}/${FRAMEWORKS_FOLDER_PATH}/AlamofireImage.framework",
			);
			runOnlyForDeploymentPostprocessing = 0;
			shellPath = /bin/sh;
			shellScript = "\"${PODS_ROOT}/Target Support Files/Pods-TumblrFeed/Pods-TumblrFeed-frameworks.sh\"\n";
			showEnvVarsInLog = 0;
		};
		E9ACE7EE1A36BFBFA83718D3 /* [CP] Check Pods Manifest.lock */ = {
			isa = PBXShellScriptBuildPhase;
			buildActionMask = 2147483647;
			files = (
			);
			inputPaths = (
				"${PODS_PODFILE_DIR_PATH}/Podfile.lock",
				"${PODS_ROOT}/Manifest.lock",
			);
			name = "[CP] Check Pods Manifest.lock";
			outputPaths = (
				"$(DERIVED_FILE_DIR)/Pods-TumblrFeedTests-checkManifestLockResult.txt",
			);
			runOnlyForDeploymentPostprocessing = 0;
			shellPath = /bin/sh;
			shellScript = "diff \"${PODS_PODFILE_DIR_PATH}/Podfile.lock\" \"${PODS_ROOT}/Manifest.lock\" > /dev/null\nif [ $? != 0 ] ; then\n    # print error to STDERR\n    echo \"error: The sandbox is not in sync with the Podfile.lock. Run 'pod install' or update your CocoaPods installation.\" >&2\n    exit 1\nfi\n# This output is used by Xcode 'outputs' to avoid re-running this script phase.\necho \"SUCCESS\" > \"${SCRIPT_OUTPUT_FILE_0}\"\n";
			showEnvVarsInLog = 0;
		};
/* End PBXShellScriptBuildPhase section */

/* Begin PBXSourcesBuildPhase section */
		64B4820C2140EC700031E76D /* Sources */ = {
			isa = PBXSourcesBuildPhase;
			buildActionMask = 2147483647;
			files = (
				64B482142140EC700031E76D /* AppDelegate.swift in Sources */,
				64B482422140ED9C0031E76D /* PhotosViewController.swift in Sources */,
				64D595CF2144C90C000800AE /* PhotoDetailViewController.swift in Sources */,
				64B482442140F3150031E76D /* PostCell.swift in Sources */,
			);
			runOnlyForDeploymentPostprocessing = 0;
		};
		64B482202140EC710031E76D /* Sources */ = {
			isa = PBXSourcesBuildPhase;
			buildActionMask = 2147483647;
			files = (
				64B482292140EC710031E76D /* TumblrFeedTests.swift in Sources */,
			);
			runOnlyForDeploymentPostprocessing = 0;
		};
		64B4822B2140EC710031E76D /* Sources */ = {
			isa = PBXSourcesBuildPhase;
			buildActionMask = 2147483647;
			files = (
				64B482342140EC710031E76D /* TumblrFeedUITests.swift in Sources */,
			);
			runOnlyForDeploymentPostprocessing = 0;
		};
/* End PBXSourcesBuildPhase section */

/* Begin PBXTargetDependency section */
		64B482262140EC710031E76D /* PBXTargetDependency */ = {
			isa = PBXTargetDependency;
			target = 64B4820F2140EC700031E76D /* TumblrFeed */;
			targetProxy = 64B482252140EC710031E76D /* PBXContainerItemProxy */;
		};
		64B482312140EC710031E76D /* PBXTargetDependency */ = {
			isa = PBXTargetDependency;
			target = 64B4820F2140EC700031E76D /* TumblrFeed */;
			targetProxy = 64B482302140EC710031E76D /* PBXContainerItemProxy */;
		};
/* End PBXTargetDependency section */

/* Begin PBXVariantGroup section */
		64B482172140EC700031E76D /* Main.storyboard */ = {
			isa = PBXVariantGroup;
			children = (
				64B482182140EC700031E76D /* Base */,
			);
			name = Main.storyboard;
			sourceTree = "<group>";
		};
		64B4821C2140EC710031E76D /* LaunchScreen.storyboard */ = {
			isa = PBXVariantGroup;
			children = (
				64B4821D2140EC710031E76D /* Base */,
			);
			name = LaunchScreen.storyboard;
			sourceTree = "<group>";
		};
/* End PBXVariantGroup section */

/* Begin XCBuildConfiguration section */
		64B482362140EC710031E76D /* Debug */ = {
			isa = XCBuildConfiguration;
			buildSettings = {
				ALWAYS_SEARCH_USER_PATHS = NO;
				CLANG_ANALYZER_NONNULL = YES;
				CLANG_ANALYZER_NUMBER_OBJECT_CONVERSION = YES_AGGRESSIVE;
				CLANG_CXX_LANGUAGE_STANDARD = "gnu++14";
				CLANG_CXX_LIBRARY = "libc++";
				CLANG_ENABLE_MODULES = YES;
				CLANG_ENABLE_OBJC_ARC = YES;
				CLANG_ENABLE_OBJC_WEAK = YES;
				CLANG_WARN_BLOCK_CAPTURE_AUTORELEASING = YES;
				CLANG_WARN_BOOL_CONVERSION = YES;
				CLANG_WARN_COMMA = YES;
				CLANG_WARN_CONSTANT_CONVERSION = YES;
				CLANG_WARN_DEPRECATED_OBJC_IMPLEMENTATIONS = YES;
				CLANG_WARN_DIRECT_OBJC_ISA_USAGE = YES_ERROR;
				CLANG_WARN_DOCUMENTATION_COMMENTS = YES;
				CLANG_WARN_EMPTY_BODY = YES;
				CLANG_WARN_ENUM_CONVERSION = YES;
				CLANG_WARN_INFINITE_RECURSION = YES;
				CLANG_WARN_INT_CONVERSION = YES;
				CLANG_WARN_NON_LITERAL_NULL_CONVERSION = YES;
				CLANG_WARN_OBJC_IMPLICIT_RETAIN_SELF = YES;
				CLANG_WARN_OBJC_LITERAL_CONVERSION = YES;
				CLANG_WARN_OBJC_ROOT_CLASS = YES_ERROR;
				CLANG_WARN_RANGE_LOOP_ANALYSIS = YES;
				CLANG_WARN_STRICT_PROTOTYPES = YES;
				CLANG_WARN_SUSPICIOUS_MOVE = YES;
				CLANG_WARN_UNGUARDED_AVAILABILITY = YES_AGGRESSIVE;
				CLANG_WARN_UNREACHABLE_CODE = YES;
				CLANG_WARN__DUPLICATE_METHOD_MATCH = YES;
				CODE_SIGN_IDENTITY = "iPhone Developer";
				COPY_PHASE_STRIP = NO;
				DEBUG_INFORMATION_FORMAT = dwarf;
				ENABLE_STRICT_OBJC_MSGSEND = YES;
				ENABLE_TESTABILITY = YES;
				GCC_C_LANGUAGE_STANDARD = gnu11;
				GCC_DYNAMIC_NO_PIC = NO;
				GCC_NO_COMMON_BLOCKS = YES;
				GCC_OPTIMIZATION_LEVEL = 0;
				GCC_PREPROCESSOR_DEFINITIONS = (
					"DEBUG=1",
					"$(inherited)",
				);
				GCC_WARN_64_TO_32_BIT_CONVERSION = YES;
				GCC_WARN_ABOUT_RETURN_TYPE = YES_ERROR;
				GCC_WARN_UNDECLARED_SELECTOR = YES;
				GCC_WARN_UNINITIALIZED_AUTOS = YES_AGGRESSIVE;
				GCC_WARN_UNUSED_FUNCTION = YES;
				GCC_WARN_UNUSED_VARIABLE = YES;
				IPHONEOS_DEPLOYMENT_TARGET = 11.3;
				MTL_ENABLE_DEBUG_INFO = YES;
				ONLY_ACTIVE_ARCH = YES;
				SDKROOT = iphoneos;
				SWIFT_ACTIVE_COMPILATION_CONDITIONS = DEBUG;
				SWIFT_OPTIMIZATION_LEVEL = "-Onone";
			};
			name = Debug;
		};
		64B482372140EC710031E76D /* Release */ = {
			isa = XCBuildConfiguration;
			buildSettings = {
				ALWAYS_SEARCH_USER_PATHS = NO;
				CLANG_ANALYZER_NONNULL = YES;
				CLANG_ANALYZER_NUMBER_OBJECT_CONVERSION = YES_AGGRESSIVE;
				CLANG_CXX_LANGUAGE_STANDARD = "gnu++14";
				CLANG_CXX_LIBRARY = "libc++";
				CLANG_ENABLE_MODULES = YES;
				CLANG_ENABLE_OBJC_ARC = YES;
				CLANG_ENABLE_OBJC_WEAK = YES;
				CLANG_WARN_BLOCK_CAPTURE_AUTORELEASING = YES;
				CLANG_WARN_BOOL_CONVERSION = YES;
				CLANG_WARN_COMMA = YES;
				CLANG_WARN_CONSTANT_CONVERSION = YES;
				CLANG_WARN_DEPRECATED_OBJC_IMPLEMENTATIONS = YES;
				CLANG_WARN_DIRECT_OBJC_ISA_USAGE = YES_ERROR;
				CLANG_WARN_DOCUMENTATION_COMMENTS = YES;
				CLANG_WARN_EMPTY_BODY = YES;
				CLANG_WARN_ENUM_CONVERSION = YES;
				CLANG_WARN_INFINITE_RECURSION = YES;
				CLANG_WARN_INT_CONVERSION = YES;
				CLANG_WARN_NON_LITERAL_NULL_CONVERSION = YES;
				CLANG_WARN_OBJC_IMPLICIT_RETAIN_SELF = YES;
				CLANG_WARN_OBJC_LITERAL_CONVERSION = YES;
				CLANG_WARN_OBJC_ROOT_CLASS = YES_ERROR;
				CLANG_WARN_RANGE_LOOP_ANALYSIS = YES;
				CLANG_WARN_STRICT_PROTOTYPES = YES;
				CLANG_WARN_SUSPICIOUS_MOVE = YES;
				CLANG_WARN_UNGUARDED_AVAILABILITY = YES_AGGRESSIVE;
				CLANG_WARN_UNREACHABLE_CODE = YES;
				CLANG_WARN__DUPLICATE_METHOD_MATCH = YES;
				CODE_SIGN_IDENTITY = "iPhone Developer";
				COPY_PHASE_STRIP = NO;
				DEBUG_INFORMATION_FORMAT = "dwarf-with-dsym";
				ENABLE_NS_ASSERTIONS = NO;
				ENABLE_STRICT_OBJC_MSGSEND = YES;
				GCC_C_LANGUAGE_STANDARD = gnu11;
				GCC_NO_COMMON_BLOCKS = YES;
				GCC_WARN_64_TO_32_BIT_CONVERSION = YES;
				GCC_WARN_ABOUT_RETURN_TYPE = YES_ERROR;
				GCC_WARN_UNDECLARED_SELECTOR = YES;
				GCC_WARN_UNINITIALIZED_AUTOS = YES_AGGRESSIVE;
				GCC_WARN_UNUSED_FUNCTION = YES;
				GCC_WARN_UNUSED_VARIABLE = YES;
				IPHONEOS_DEPLOYMENT_TARGET = 11.3;
				MTL_ENABLE_DEBUG_INFO = NO;
				SDKROOT = iphoneos;
				SWIFT_COMPILATION_MODE = wholemodule;
				SWIFT_OPTIMIZATION_LEVEL = "-O";
				VALIDATE_PRODUCT = YES;
			};
			name = Release;
		};
		64B482392140EC710031E76D /* Debug */ = {
			isa = XCBuildConfiguration;
			baseConfigurationReference = FE911889102CFEBEDD48E7A2 /* Pods-TumblrFeed.debug.xcconfig */;
			buildSettings = {
				ASSETCATALOG_COMPILER_APPICON_NAME = AppIcon;
				CODE_SIGN_STYLE = Automatic;
				INFOPLIST_FILE = TumblrFeed/Info.plist;
				LD_RUNPATH_SEARCH_PATHS = (
					"$(inherited)",
					"@executable_path/Frameworks",
				);
				PRODUCT_BUNDLE_IDENTIFIER = CodePath.TumblrFeed;
				PRODUCT_NAME = "$(TARGET_NAME)";
				SWIFT_VERSION = 4.0;
				TARGETED_DEVICE_FAMILY = "1,2";
			};
			name = Debug;
		};
		64B4823A2140EC710031E76D /* Release */ = {
			isa = XCBuildConfiguration;
			baseConfigurationReference = 05893895E21F3E799AB31B8D /* Pods-TumblrFeed.release.xcconfig */;
			buildSettings = {
				ASSETCATALOG_COMPILER_APPICON_NAME = AppIcon;
				CODE_SIGN_STYLE = Automatic;
				INFOPLIST_FILE = TumblrFeed/Info.plist;
				LD_RUNPATH_SEARCH_PATHS = (
					"$(inherited)",
					"@executable_path/Frameworks",
				);
				PRODUCT_BUNDLE_IDENTIFIER = CodePath.TumblrFeed;
				PRODUCT_NAME = "$(TARGET_NAME)";
				SWIFT_VERSION = 4.0;
				TARGETED_DEVICE_FAMILY = "1,2";
			};
			name = Release;
		};
		64B4823C2140EC710031E76D /* Debug */ = {
			isa = XCBuildConfiguration;
			baseConfigurationReference = 4D1ECE8DF32CD65D77617EB6 /* Pods-TumblrFeedTests.debug.xcconfig */;
			buildSettings = {
				ALWAYS_EMBED_SWIFT_STANDARD_LIBRARIES = YES;
				BUNDLE_LOADER = "$(TEST_HOST)";
				CODE_SIGN_STYLE = Automatic;
				INFOPLIST_FILE = TumblrFeedTests/Info.plist;
				LD_RUNPATH_SEARCH_PATHS = (
					"$(inherited)",
					"@executable_path/Frameworks",
					"@loader_path/Frameworks",
				);
				PRODUCT_BUNDLE_IDENTIFIER = CodePath.TumblrFeedTests;
				PRODUCT_NAME = "$(TARGET_NAME)";
				SWIFT_VERSION = 4.0;
				TARGETED_DEVICE_FAMILY = "1,2";
				TEST_HOST = "$(BUILT_PRODUCTS_DIR)/TumblrFeed.app/TumblrFeed";
			};
			name = Debug;
		};
		64B4823D2140EC710031E76D /* Release */ = {
			isa = XCBuildConfiguration;
			baseConfigurationReference = D22D5959812FCE9BFEB8C036 /* Pods-TumblrFeedTests.release.xcconfig */;
			buildSettings = {
				ALWAYS_EMBED_SWIFT_STANDARD_LIBRARIES = YES;
				BUNDLE_LOADER = "$(TEST_HOST)";
				CODE_SIGN_STYLE = Automatic;
				INFOPLIST_FILE = TumblrFeedTests/Info.plist;
				LD_RUNPATH_SEARCH_PATHS = (
					"$(inherited)",
					"@executable_path/Frameworks",
					"@loader_path/Frameworks",
				);
				PRODUCT_BUNDLE_IDENTIFIER = CodePath.TumblrFeedTests;
				PRODUCT_NAME = "$(TARGET_NAME)";
				SWIFT_VERSION = 4.0;
				TARGETED_DEVICE_FAMILY = "1,2";
				TEST_HOST = "$(BUILT_PRODUCTS_DIR)/TumblrFeed.app/TumblrFeed";
			};
			name = Release;
		};
		64B4823F2140EC710031E76D /* Debug */ = {
			isa = XCBuildConfiguration;
			baseConfigurationReference = 882D8058302E4B54D416F8DC /* Pods-TumblrFeedUITests.debug.xcconfig */;
			buildSettings = {
				ALWAYS_EMBED_SWIFT_STANDARD_LIBRARIES = YES;
				CODE_SIGN_STYLE = Automatic;
				INFOPLIST_FILE = TumblrFeedUITests/Info.plist;
				LD_RUNPATH_SEARCH_PATHS = (
					"$(inherited)",
					"@executable_path/Frameworks",
					"@loader_path/Frameworks",
				);
				PRODUCT_BUNDLE_IDENTIFIER = CodePath.TumblrFeedUITests;
				PRODUCT_NAME = "$(TARGET_NAME)";
				SWIFT_VERSION = 4.0;
				TARGETED_DEVICE_FAMILY = "1,2";
				TEST_TARGET_NAME = TumblrFeed;
			};
			name = Debug;
		};
		64B482402140EC710031E76D /* Release */ = {
			isa = XCBuildConfiguration;
			baseConfigurationReference = C640FCB35C61614BC309B499 /* Pods-TumblrFeedUITests.release.xcconfig */;
			buildSettings = {
				ALWAYS_EMBED_SWIFT_STANDARD_LIBRARIES = YES;
				CODE_SIGN_STYLE = Automatic;
				INFOPLIST_FILE = TumblrFeedUITests/Info.plist;
				LD_RUNPATH_SEARCH_PATHS = (
					"$(inherited)",
					"@executable_path/Frameworks",
					"@loader_path/Frameworks",
				);
				PRODUCT_BUNDLE_IDENTIFIER = CodePath.TumblrFeedUITests;
				PRODUCT_NAME = "$(TARGET_NAME)";
				SWIFT_VERSION = 4.0;
				TARGETED_DEVICE_FAMILY = "1,2";
				TEST_TARGET_NAME = TumblrFeed;
			};
			name = Release;
		};
/* End XCBuildConfiguration section */

/* Begin XCConfigurationList section */
		64B4820B2140EC700031E76D /* Build configuration list for PBXProject "TumblrFeed" */ = {
			isa = XCConfigurationList;
			buildConfigurations = (
				64B482362140EC710031E76D /* Debug */,
				64B482372140EC710031E76D /* Release */,
			);
			defaultConfigurationIsVisible = 0;
			defaultConfigurationName = Release;
		};
		64B482382140EC710031E76D /* Build configuration list for PBXNativeTarget "TumblrFeed" */ = {
			isa = XCConfigurationList;
			buildConfigurations = (
				64B482392140EC710031E76D /* Debug */,
				64B4823A2140EC710031E76D /* Release */,
			);
			defaultConfigurationIsVisible = 0;
			defaultConfigurationName = Release;
		};
		64B4823B2140EC710031E76D /* Build configuration list for PBXNativeTarget "TumblrFeedTests" */ = {
			isa = XCConfigurationList;
			buildConfigurations = (
				64B4823C2140EC710031E76D /* Debug */,
				64B4823D2140EC710031E76D /* Release */,
			);
			defaultConfigurationIsVisible = 0;
			defaultConfigurationName = Release;
		};
		64B4823E2140EC710031E76D /* Build configuration list for PBXNativeTarget "TumblrFeedUITests" */ = {
			isa = XCConfigurationList;
			buildConfigurations = (
				64B4823F2140EC710031E76D /* Debug */,
				64B482402140EC710031E76D /* Release */,
			);
			defaultConfigurationIsVisible = 0;
			defaultConfigurationName = Release;
		};
/* End XCConfigurationList section */
	};
	rootObject = 64B482082140EC700031E76D /* Project object */;
}
